// !$*UTF8*$!
{
	archiveVersion = 1;
	classes = {
	};
	objectVersion = 50;
	objects = {

/* Begin PBXBuildFile section */
		3184C5D520B73F6C00616A0B /* AppDelegate.swift in Sources */ = {isa = PBXBuildFile; fileRef = 3184C5D420B73F6C00616A0B /* AppDelegate.swift */; };
		3184C5D720B73F6C00616A0B /* ViewController.swift in Sources */ = {isa = PBXBuildFile; fileRef = 3184C5D620B73F6C00616A0B /* ViewController.swift */; };
		3184C5DA20B73F6C00616A0B /* Main.storyboard in Resources */ = {isa = PBXBuildFile; fileRef = 3184C5D820B73F6C00616A0B /* Main.storyboard */; };
		3184C5DC20B73F6E00616A0B /* Assets.xcassets in Resources */ = {isa = PBXBuildFile; fileRef = 3184C5DB20B73F6E00616A0B /* Assets.xcassets */; };
		3184C5DF20B73F6E00616A0B /* LaunchScreen.storyboard in Resources */ = {isa = PBXBuildFile; fileRef = 3184C5DD20B73F6E00616A0B /* LaunchScreen.storyboard */; };
		93015F6D2C77AECD16064CB8 /* Pods_BuildSettingsShouldMatch.framework in Frameworks */ = {isa = PBXBuildFile; fileRef = 8147735F2F713C8D9D2A2C47 /* Pods_BuildSettingsShouldMatch.framework */; };
/* End PBXBuildFile section */

/* Begin PBXFileReference section */
		3184C5D120B73F6C00616A0B /* BuildSettingsShouldMatch.app */ = {isa = PBXFileReference; explicitFileType = wrapper.application; includeInIndex = 0; path = BuildSettingsShouldMatch.app; sourceTree = BUILT_PRODUCTS_DIR; };
		3184C5D420B73F6C00616A0B /* AppDelegate.swift */ = {isa = PBXFileReference; lastKnownFileType = sourcecode.swift; path = AppDelegate.swift; sourceTree = "<group>"; };
		3184C5D620B73F6C00616A0B /* ViewController.swift */ = {isa = PBXFileReference; lastKnownFileType = sourcecode.swift; path = ViewController.swift; sourceTree = "<group>"; };
		3184C5D920B73F6C00616A0B /* Base */ = {isa = PBXFileReference; lastKnownFileType = file.storyboard; name = Base; path = Base.lproj/Main.storyboard; sourceTree = "<group>"; };
		3184C5DB20B73F6E00616A0B /* Assets.xcassets */ = {isa = PBXFileReference; lastKnownFileType = folder.assetcatalog; path = Assets.xcassets; sourceTree = "<group>"; };
		3184C5DE20B73F6E00616A0B /* Base */ = {isa = PBXFileReference; lastKnownFileType = file.storyboard; name = Base; path = Base.lproj/LaunchScreen.storyboard; sourceTree = "<group>"; };
		3184C5E020B73F6E00616A0B /* Info.plist */ = {isa = PBXFileReference; lastKnownFileType = text.plist.xml; path = Info.plist; sourceTree = "<group>"; };
		43BA017BA5A64D1BFBA37B06 /* Pods-BuildSettingsShouldMatch.debug.xcconfig */ = {isa = PBXFileReference; includeInIndex = 1; lastKnownFileType = text.xcconfig; name = "Pods-BuildSettingsShouldMatch.debug.xcconfig"; path = "Pods/Target Support Files/Pods-BuildSettingsShouldMatch/Pods-BuildSettingsShouldMatch.debug.xcconfig"; sourceTree = "<group>"; };
		447639550C549E648CA83229 /* Pods-BuildSettingsShouldMatch.testing.xcconfig */ = {isa = PBXFileReference; includeInIndex = 1; lastKnownFileType = text.xcconfig; name = "Pods-BuildSettingsShouldMatch.testing.xcconfig"; path = "Pods/Target Support Files/Pods-BuildSettingsShouldMatch/Pods-BuildSettingsShouldMatch.testing.xcconfig"; sourceTree = "<group>"; };
		8147735F2F713C8D9D2A2C47 /* Pods_BuildSettingsShouldMatch.framework */ = {isa = PBXFileReference; explicitFileType = wrapper.framework; includeInIndex = 0; path = Pods_BuildSettingsShouldMatch.framework; sourceTree = BUILT_PRODUCTS_DIR; };
		9786DB7DD9D78F6A55FE18FD /* Pods-BuildSettingsShouldMatch.release.xcconfig */ = {isa = PBXFileReference; includeInIndex = 1; lastKnownFileType = text.xcconfig; name = "Pods-BuildSettingsShouldMatch.release.xcconfig"; path = "Pods/Target Support Files/Pods-BuildSettingsShouldMatch/Pods-BuildSettingsShouldMatch.release.xcconfig"; sourceTree = "<group>"; };
		F5F25EB21966F34D5D675660 /* Pods-BuildSettingsShouldMatch.newdebug.xcconfig */ = {isa = PBXFileReference; includeInIndex = 1; lastKnownFileType = text.xcconfig; name = "Pods-BuildSettingsShouldMatch.newdebug.xcconfig"; path = "Pods/Target Support Files/Pods-BuildSettingsShouldMatch/Pods-BuildSettingsShouldMatch.newdebug.xcconfig"; sourceTree = "<group>"; };
/* End PBXFileReference section */

/* Begin PBXFrameworksBuildPhase section */
		3184C5CE20B73F6C00616A0B /* Frameworks */ = {
			isa = PBXFrameworksBuildPhase;
			buildActionMask = 2147483647;
			files = (
				93015F6D2C77AECD16064CB8 /* Pods_BuildSettingsShouldMatch.framework in Frameworks */,
			);
			runOnlyForDeploymentPostprocessing = 0;
		};
/* End PBXFrameworksBuildPhase section */

/* Begin PBXGroup section */
		3184C5C820B73F6C00616A0B = {
			isa = PBXGroup;
			children = (
				3184C5D320B73F6C00616A0B /* BuildSettingsShouldMatch */,
				3184C5D220B73F6C00616A0B /* Products */,
				B58AB8182088F6EBC1B6BA99 /* Pods */,
				42A90259F020D32D5A7C3831 /* Frameworks */,
			);
			sourceTree = "<group>";
		};
		3184C5D220B73F6C00616A0B /* Products */ = {
			isa = PBXGroup;
			children = (
				3184C5D120B73F6C00616A0B /* BuildSettingsShouldMatch.app */,
			);
			name = Products;
			sourceTree = "<group>";
		};
		3184C5D320B73F6C00616A0B /* BuildSettingsShouldMatch */ = {
			isa = PBXGroup;
			children = (
				3184C5D420B73F6C00616A0B /* AppDelegate.swift */,
				3184C5D620B73F6C00616A0B /* ViewController.swift */,
				3184C5D820B73F6C00616A0B /* Main.storyboard */,
				3184C5DB20B73F6E00616A0B /* Assets.xcassets */,
				3184C5DD20B73F6E00616A0B /* LaunchScreen.storyboard */,
				3184C5E020B73F6E00616A0B /* Info.plist */,
			);
			path = BuildSettingsShouldMatch;
			sourceTree = "<group>";
		};
		42A90259F020D32D5A7C3831 /* Frameworks */ = {
			isa = PBXGroup;
			children = (
				8147735F2F713C8D9D2A2C47 /* Pods_BuildSettingsShouldMatch.framework */,
			);
			name = Frameworks;
			sourceTree = "<group>";
		};
		B58AB8182088F6EBC1B6BA99 /* Pods */ = {
			isa = PBXGroup;
			children = (
				43BA017BA5A64D1BFBA37B06 /* Pods-BuildSettingsShouldMatch.debug.xcconfig */,
				9786DB7DD9D78F6A55FE18FD /* Pods-BuildSettingsShouldMatch.release.xcconfig */,
				447639550C549E648CA83229 /* Pods-BuildSettingsShouldMatch.testing.xcconfig */,
				F5F25EB21966F34D5D675660 /* Pods-BuildSettingsShouldMatch.newdebug.xcconfig */,
			);
			name = Pods;
			sourceTree = "<group>";
		};
/* End PBXGroup section */

/* Begin PBXNativeTarget section */
		3184C5D020B73F6C00616A0B /* BuildSettingsShouldMatch */ = {
			isa = PBXNativeTarget;
			buildConfigurationList = 3184C5E320B73F6E00616A0B /* Build configuration list for PBXNativeTarget "BuildSettingsShouldMatch" */;
			buildPhases = (
				34B0D18C1CF7CBB444D2268A /* [CP] Check Pods Manifest.lock */,
				3184C5CD20B73F6C00616A0B /* Sources */,
				3184C5CE20B73F6C00616A0B /* Frameworks */,
				3184C5CF20B73F6C00616A0B /* Resources */,
				55ECDC62EDC42B6BAC10CD43 /* [CP] Embed Pods Frameworks */,
			);
			buildRules = (
			);
			dependencies = (
			);
			name = BuildSettingsShouldMatch;
			productName = BuildSettingsShouldMatch;
			productReference = 3184C5D120B73F6C00616A0B /* BuildSettingsShouldMatch.app */;
			productType = "com.apple.product-type.application";
		};
/* End PBXNativeTarget section */

/* Begin PBXProject section */
		3184C5C920B73F6C00616A0B /* Project object */ = {
			isa = PBXProject;
			attributes = {
				LastSwiftUpdateCheck = 0930;
				LastUpgradeCheck = 0930;
				ORGANIZATIONNAME = "Jon Shier";
				TargetAttributes = {
					3184C5D020B73F6C00616A0B = {
						CreatedOnToolsVersion = 9.3.1;
					};
				};
			};
			buildConfigurationList = 3184C5CC20B73F6C00616A0B /* Build configuration list for PBXProject "BuildSettingsShouldMatch" */;
			compatibilityVersion = "Xcode 9.3";
			developmentRegion = en;
			hasScannedForEncodings = 0;
			knownRegions = (
				en,
				Base,
			);
			mainGroup = 3184C5C820B73F6C00616A0B;
			productRefGroup = 3184C5D220B73F6C00616A0B /* Products */;
			projectDirPath = "";
			projectRoot = "";
			targets = (
				3184C5D020B73F6C00616A0B /* BuildSettingsShouldMatch */,
			);
		};
/* End PBXProject section */

/* Begin PBXResourcesBuildPhase section */
		3184C5CF20B73F6C00616A0B /* Resources */ = {
			isa = PBXResourcesBuildPhase;
			buildActionMask = 2147483647;
			files = (
				3184C5DF20B73F6E00616A0B /* LaunchScreen.storyboard in Resources */,
				3184C5DC20B73F6E00616A0B /* Assets.xcassets in Resources */,
				3184C5DA20B73F6C00616A0B /* Main.storyboard in Resources */,
			);
			runOnlyForDeploymentPostprocessing = 0;
		};
/* End PBXResourcesBuildPhase section */

/* Begin PBXShellScriptBuildPhase section */
		34B0D18C1CF7CBB444D2268A /* [CP] Check Pods Manifest.lock */ = {
			isa = PBXShellScriptBuildPhase;
			buildActionMask = 2147483647;
			files = (
			);
			inputPaths = (
				"${PODS_PODFILE_DIR_PATH}/Podfile.lock",
				"${PODS_ROOT}/Manifest.lock",
			);
			name = "[CP] Check Pods Manifest.lock";
			outputPaths = (
				"$(DERIVED_FILE_DIR)/Pods-BuildSettingsShouldMatch-checkManifestLockResult.txt",
			);
			runOnlyForDeploymentPostprocessing = 0;
			shellPath = /bin/sh;
			shellScript = "diff \"${PODS_PODFILE_DIR_PATH}/Podfile.lock\" \"${PODS_ROOT}/Manifest.lock\" > /dev/null\nif [ $? != 0 ] ; then\n    # print error to STDERR\n    echo \"error: The sandbox is not in sync with the Podfile.lock. Run 'pod install' or update your CocoaPods installation.\" >&2\n    exit 1\nfi\n# This output is used by Xcode 'outputs' to avoid re-running this script phase.\necho \"SUCCESS\" > \"${SCRIPT_OUTPUT_FILE_0}\"\n";
			showEnvVarsInLog = 0;
		};
		55ECDC62EDC42B6BAC10CD43 /* [CP] Embed Pods Frameworks */ = {
			isa = PBXShellScriptBuildPhase;
			buildActionMask = 2147483647;
			files = (
			);
			inputPaths = (
				"${SRCROOT}/Pods/Target Support Files/Pods-BuildSettingsShouldMatch/Pods-BuildSettingsShouldMatch-frameworks.sh",
				"${BUILT_PRODUCTS_DIR}/Alamofire/Alamofire.framework",
			);
			name = "[CP] Embed Pods Frameworks";
			outputPaths = (
				"${TARGET_BUILD_DIR}/${FRAMEWORKS_FOLDER_PATH}/Alamofire.framework",
			);
			runOnlyForDeploymentPostprocessing = 0;
			shellPath = /bin/sh;
			shellScript = "\"${SRCROOT}/Pods/Target Support Files/Pods-BuildSettingsShouldMatch/Pods-BuildSettingsShouldMatch-frameworks.sh\"\n";
			showEnvVarsInLog = 0;
		};
/* End PBXShellScriptBuildPhase section */

/* Begin PBXSourcesBuildPhase section */
		3184C5CD20B73F6C00616A0B /* Sources */ = {
			isa = PBXSourcesBuildPhase;
			buildActionMask = 2147483647;
			files = (
				3184C5D720B73F6C00616A0B /* ViewController.swift in Sources */,
				3184C5D520B73F6C00616A0B /* AppDelegate.swift in Sources */,
			);
			runOnlyForDeploymentPostprocessing = 0;
		};
/* End PBXSourcesBuildPhase section */

/* Begin PBXVariantGroup section */
		3184C5D820B73F6C00616A0B /* Main.storyboard */ = {
			isa = PBXVariantGroup;
			children = (
				3184C5D920B73F6C00616A0B /* Base */,
			);
			name = Main.storyboard;
			sourceTree = "<group>";
		};
		3184C5DD20B73F6E00616A0B /* LaunchScreen.storyboard */ = {
			isa = PBXVariantGroup;
			children = (
				3184C5DE20B73F6E00616A0B /* Base */,
			);
			name = LaunchScreen.storyboard;
			sourceTree = "<group>";
		};
/* End PBXVariantGroup section */

/* Begin XCBuildConfiguration section */
		3184C5E120B73F6E00616A0B /* NewDebug */ = {
			isa = XCBuildConfiguration;
			buildSettings = {
				ALWAYS_SEARCH_USER_PATHS = NO;
				CLANG_ANALYZER_NONNULL = YES;
				CLANG_ANALYZER_NUMBER_OBJECT_CONVERSION = YES_AGGRESSIVE;
				CLANG_CXX_LANGUAGE_STANDARD = "gnu++14";
				CLANG_CXX_LIBRARY = "libc++";
				CLANG_ENABLE_MODULES = YES;
				CLANG_ENABLE_OBJC_ARC = YES;
				CLANG_ENABLE_OBJC_WEAK = YES;
				CLANG_WARN_BLOCK_CAPTURE_AUTORELEASING = YES;
				CLANG_WARN_BOOL_CONVERSION = YES;
				CLANG_WARN_COMMA = YES;
				CLANG_WARN_CONSTANT_CONVERSION = YES;
				CLANG_WARN_DEPRECATED_OBJC_IMPLEMENTATIONS = YES;
				CLANG_WARN_DIRECT_OBJC_ISA_USAGE = YES_ERROR;
				CLANG_WARN_DOCUMENTATION_COMMENTS = YES;
				CLANG_WARN_EMPTY_BODY = YES;
				CLANG_WARN_ENUM_CONVERSION = YES;
				CLANG_WARN_INFINITE_RECURSION = YES;
				CLANG_WARN_INT_CONVERSION = YES;
				CLANG_WARN_NON_LITERAL_NULL_CONVERSION = YES;
				CLANG_WARN_OBJC_IMPLICIT_RETAIN_SELF = YES;
				CLANG_WARN_OBJC_LITERAL_CONVERSION = YES;
				CLANG_WARN_OBJC_ROOT_CLASS = YES_ERROR;
				CLANG_WARN_RANGE_LOOP_ANALYSIS = YES;
				CLANG_WARN_STRICT_PROTOTYPES = YES;
				CLANG_WARN_SUSPICIOUS_MOVE = YES;
				CLANG_WARN_UNGUARDED_AVAILABILITY = YES_AGGRESSIVE;
				CLANG_WARN_UNREACHABLE_CODE = YES;
				CLANG_WARN__DUPLICATE_METHOD_MATCH = YES;
				CODE_SIGN_IDENTITY = "iPhone Developer";
				COPY_PHASE_STRIP = NO;
				DEBUG_INFORMATION_FORMAT = dwarf;
				ENABLE_STRICT_OBJC_MSGSEND = YES;
				ENABLE_TESTABILITY = YES;
				GCC_C_LANGUAGE_STANDARD = gnu11;
				GCC_DYNAMIC_NO_PIC = NO;
				GCC_NO_COMMON_BLOCKS = YES;
				GCC_OPTIMIZATION_LEVEL = 0;
				GCC_PREPROCESSOR_DEFINITIONS = (
					"DEBUG=1",
					"$(inherited)",
				);
				GCC_WARN_64_TO_32_BIT_CONVERSION = YES;
				GCC_WARN_ABOUT_RETURN_TYPE = YES_ERROR;
				GCC_WARN_UNDECLARED_SELECTOR = YES;
				GCC_WARN_UNINITIALIZED_AUTOS = YES_AGGRESSIVE;
				GCC_WARN_UNUSED_FUNCTION = YES;
				GCC_WARN_UNUSED_VARIABLE = YES;
				IPHONEOS_DEPLOYMENT_TARGET = 11.3;
				MTL_ENABLE_DEBUG_INFO = YES;
				ONLY_ACTIVE_ARCH = YES;
				OTHER_SWIFT_FLAGS = "-DDEBUG";
				SDKROOT = iphoneos;
				SWIFT_ACTIVE_COMPILATION_CONDITIONS = DEBUG;
				SWIFT_OPTIMIZATION_LEVEL = "-Onone";
			};
			name = NewDebug;
		};
		3184C5E220B73F6E00616A0B /* Release */ = {
			isa = XCBuildConfiguration;
			buildSettings = {
				ALWAYS_SEARCH_USER_PATHS = NO;
				CLANG_ANALYZER_NONNULL = YES;
				CLANG_ANALYZER_NUMBER_OBJECT_CONVERSION = YES_AGGRESSIVE;
				CLANG_CXX_LANGUAGE_STANDARD = "gnu++14";
				CLANG_CXX_LIBRARY = "libc++";
				CLANG_ENABLE_MODULES = YES;
				CLANG_ENABLE_OBJC_ARC = YES;
				CLANG_ENABLE_OBJC_WEAK = YES;
				CLANG_WARN_BLOCK_CAPTURE_AUTORELEASING = YES;
				CLANG_WARN_BOOL_CONVERSION = YES;
				CLANG_WARN_COMMA = YES;
				CLANG_WARN_CONSTANT_CONVERSION = YES;
				CLANG_WARN_DEPRECATED_OBJC_IMPLEMENTATIONS = YES;
				CLANG_WARN_DIRECT_OBJC_ISA_USAGE = YES_ERROR;
				CLANG_WARN_DOCUMENTATION_COMMENTS = YES;
				CLANG_WARN_EMPTY_BODY = YES;
				CLANG_WARN_ENUM_CONVERSION = YES;
				CLANG_WARN_INFINITE_RECURSION = YES;
				CLANG_WARN_INT_CONVERSION = YES;
				CLANG_WARN_NON_LITERAL_NULL_CONVERSION = YES;
				CLANG_WARN_OBJC_IMPLICIT_RETAIN_SELF = YES;
				CLANG_WARN_OBJC_LITERAL_CONVERSION = YES;
				CLANG_WARN_OBJC_ROOT_CLASS = YES_ERROR;
				CLANG_WARN_RANGE_LOOP_ANALYSIS = YES;
				CLANG_WARN_STRICT_PROTOTYPES = YES;
				CLANG_WARN_SUSPICIOUS_MOVE = YES;
				CLANG_WARN_UNGUARDED_AVAILABILITY = YES_AGGRESSIVE;
				CLANG_WARN_UNREACHABLE_CODE = YES;
				CLANG_WARN__DUPLICATE_METHOD_MATCH = YES;
				CODE_SIGN_IDENTITY = "iPhone Developer";
				COPY_PHASE_STRIP = NO;
				DEBUG_INFORMATION_FORMAT = "dwarf-with-dsym";
				ENABLE_NS_ASSERTIONS = NO;
				ENABLE_STRICT_OBJC_MSGSEND = YES;
				GCC_C_LANGUAGE_STANDARD = gnu11;
				GCC_NO_COMMON_BLOCKS = YES;
				GCC_WARN_64_TO_32_BIT_CONVERSION = YES;
				GCC_WARN_ABOUT_RETURN_TYPE = YES_ERROR;
				GCC_WARN_UNDECLARED_SELECTOR = YES;
				GCC_WARN_UNINITIALIZED_AUTOS = YES_AGGRESSIVE;
				GCC_WARN_UNUSED_FUNCTION = YES;
				GCC_WARN_UNUSED_VARIABLE = YES;
				IPHONEOS_DEPLOYMENT_TARGET = 11.3;
				MTL_ENABLE_DEBUG_INFO = NO;
				OTHER_SWIFT_FLAGS = "-DRELEASE";
				SDKROOT = iphoneos;
				SWIFT_COMPILATION_MODE = wholemodule;
				SWIFT_OPTIMIZATION_LEVEL = "-O";
				VALIDATE_PRODUCT = YES;
			};
			name = Release;
		};
		3184C5E420B73F6E00616A0B /* NewDebug */ = {
			isa = XCBuildConfiguration;
			baseConfigurationReference = F5F25EB21966F34D5D675660 /* Pods-BuildSettingsShouldMatch.newdebug.xcconfig */;
			buildSettings = {
				ASSETCATALOG_COMPILER_APPICON_NAME = AppIcon;
				CODE_SIGN_STYLE = Automatic;
				INFOPLIST_FILE = BuildSettingsShouldMatch/Info.plist;
				LD_RUNPATH_SEARCH_PATHS = (
					"$(inherited)",
					"@executable_path/Frameworks",
				);
				PRODUCT_BUNDLE_IDENTIFIER = com.jonshier.BuildSettingsShouldMatch;
				PRODUCT_NAME = "$(TARGET_NAME)";
				SWIFT_VERSION = 4.0;
				TARGETED_DEVICE_FAMILY = "1,2";
			};
			name = NewDebug;
		};
		3184C5E520B73F6E00616A0B /* Release */ = {
			isa = XCBuildConfiguration;
			baseConfigurationReference = 9786DB7DD9D78F6A55FE18FD /* Pods-BuildSettingsShouldMatch.release.xcconfig */;
			buildSettings = {
				ASSETCATALOG_COMPILER_APPICON_NAME = AppIcon;
				CODE_SIGN_STYLE = Automatic;
				INFOPLIST_FILE = BuildSettingsShouldMatch/Info.plist;
				LD_RUNPATH_SEARCH_PATHS = (
					"$(inherited)",
					"@executable_path/Frameworks",
				);
				PRODUCT_BUNDLE_IDENTIFIER = com.jonshier.BuildSettingsShouldMatch;
				PRODUCT_NAME = "$(TARGET_NAME)";
				SWIFT_VERSION = 4.0;
				TARGETED_DEVICE_FAMILY = "1,2";
			};
			name = Release;
		};
		3184C5E620B7402F00616A0B /* Testing */ = {
			isa = XCBuildConfiguration;
			buildSettings = {
				ALWAYS_SEARCH_USER_PATHS = NO;
				CLANG_ANALYZER_NONNULL = YES;
				CLANG_ANALYZER_NUMBER_OBJECT_CONVERSION = YES_AGGRESSIVE;
				CLANG_CXX_LANGUAGE_STANDARD = "gnu++14";
				CLANG_CXX_LIBRARY = "libc++";
				CLANG_ENABLE_MODULES = YES;
				CLANG_ENABLE_OBJC_ARC = YES;
				CLANG_ENABLE_OBJC_WEAK = YES;
				CLANG_WARN_BLOCK_CAPTURE_AUTORELEASING = YES;
				CLANG_WARN_BOOL_CONVERSION = YES;
				CLANG_WARN_COMMA = YES;
				CLANG_WARN_CONSTANT_CONVERSION = YES;
				CLANG_WARN_DEPRECATED_OBJC_IMPLEMENTATIONS = YES;
				CLANG_WARN_DIRECT_OBJC_ISA_USAGE = YES_ERROR;
				CLANG_WARN_DOCUMENTATION_COMMENTS = YES;
				CLANG_WARN_EMPTY_BODY = YES;
				CLANG_WARN_ENUM_CONVERSION = YES;
				CLANG_WARN_INFINITE_RECURSION = YES;
				CLANG_WARN_INT_CONVERSION = YES;
				CLANG_WARN_NON_LITERAL_NULL_CONVERSION = YES;
				CLANG_WARN_OBJC_IMPLICIT_RETAIN_SELF = YES;
				CLANG_WARN_OBJC_LITERAL_CONVERSION = YES;
				CLANG_WARN_OBJC_ROOT_CLASS = YES_ERROR;
				CLANG_WARN_RANGE_LOOP_ANALYSIS = YES;
				CLANG_WARN_STRICT_PROTOTYPES = YES;
				CLANG_WARN_SUSPICIOUS_MOVE = YES;
				CLANG_WARN_UNGUARDED_AVAILABILITY = YES_AGGRESSIVE;
				CLANG_WARN_UNREACHABLE_CODE = YES;
				CLANG_WARN__DUPLICATE_METHOD_MATCH = YES;
				CODE_SIGN_IDENTITY = "iPhone Developer";
				COPY_PHASE_STRIP = NO;
				DEBUG_INFORMATION_FORMAT = dwarf;
				ENABLE_STRICT_OBJC_MSGSEND = YES;
				ENABLE_TESTABILITY = YES;
				GCC_C_LANGUAGE_STANDARD = gnu11;
				GCC_DYNAMIC_NO_PIC = NO;
				GCC_NO_COMMON_BLOCKS = YES;
				GCC_OPTIMIZATION_LEVEL = 0;
				GCC_PREPROCESSOR_DEFINITIONS = (
					"DEBUG=1",
					"$(inherited)",
				);
				GCC_WARN_64_TO_32_BIT_CONVERSION = YES;
				GCC_WARN_ABOUT_RETURN_TYPE = YES_ERROR;
				GCC_WARN_UNDECLARED_SELECTOR = YES;
				GCC_WARN_UNINITIALIZED_AUTOS = YES_AGGRESSIVE;
				GCC_WARN_UNUSED_FUNCTION = YES;
				GCC_WARN_UNUSED_VARIABLE = YES;
				IPHONEOS_DEPLOYMENT_TARGET = 11.3;
				MTL_ENABLE_DEBUG_INFO = YES;
				ONLY_ACTIVE_ARCH = YES;
				OTHER_SWIFT_FLAGS = "-DTESTING";
				SDKROOT = iphoneos;
				SWIFT_ACTIVE_COMPILATION_CONDITIONS = DEBUG;
				SWIFT_OPTIMIZATION_LEVEL = "-Onone";
			};
			name = Testing;
		};
		3184C5E720B7402F00616A0B /* Testing */ = {
			isa = XCBuildConfiguration;
			baseConfigurationReference = 447639550C549E648CA83229 /* Pods-BuildSettingsShouldMatch.testing.xcconfig */;
			buildSettings = {
				ASSETCATALOG_COMPILER_APPICON_NAME = AppIcon;
				CODE_SIGN_STYLE = Automatic;
				INFOPLIST_FILE = BuildSettingsShouldMatch/Info.plist;
				LD_RUNPATH_SEARCH_PATHS = (
					"$(inherited)",
					"@executable_path/Frameworks",
				);
				PRODUCT_BUNDLE_IDENTIFIER = com.jonshier.BuildSettingsShouldMatch;
				PRODUCT_NAME = "$(TARGET_NAME)";
				SWIFT_VERSION = 4.0;
				TARGETED_DEVICE_FAMILY = "1,2";
			};
			name = Testing;
		};
/* End XCBuildConfiguration section */

/* Begin XCConfigurationList section */
		3184C5CC20B73F6C00616A0B /* Build configuration list for PBXProject "BuildSettingsShouldMatch" */ = {
			isa = XCConfigurationList;
			buildConfigurations = (
				3184C5E120B73F6E00616A0B /* NewDebug */,
				3184C5E620B7402F00616A0B /* Testing */,
				3184C5E220B73F6E00616A0B /* Release */,
			);
			defaultConfigurationIsVisible = 0;
			defaultConfigurationName = Release;
		};
		3184C5E320B73F6E00616A0B /* Build configuration list for PBXNativeTarget "BuildSettingsShouldMatch" */ = {
			isa = XCConfigurationList;
			buildConfigurations = (
				3184C5E420B73F6E00616A0B /* NewDebug */,
				3184C5E720B7402F00616A0B /* Testing */,
				3184C5E520B73F6E00616A0B /* Release */,
			);
			defaultConfigurationIsVisible = 0;
			defaultConfigurationName = Release;
		};
/* End XCConfigurationList section */
	};
	rootObject = 3184C5C920B73F6C00616A0B /* Project object */;
}
